
Microsoft Visual Studio Solution File, Format Version 12.00
# Visual Studio 15
VisualStudioVersion = 15.0.27703.2026
MinimumVisualStudioVersion = 10.0.40219.1
Project("{FAE04EC0-301F-11D3-BF4B-00C04F79EFBC}") = "Chess", "Chess\Chess.csproj", "{00ACD5F7-A2FD-4157-9CD8-710CA480B63E}"
EndProject
Global
	GlobalSection(SolutionConfigurationPlatforms) = preSolution
		Debug|Any CPU = Debug|Any CPU
		Release|Any CPU = Release|Any CPU
	EndGlobalSection
	GlobalSection(ProjectConfigurationPlatforms) = postSolution
		{00ACD5F7-A2FD-4157-9CD8-710CA480B63E}.Debug|Any CPU.ActiveCfg = Debug|Any CPU
		{00ACD5F7-A2FD-4157-9CD8-710CA480B63E}.Debug|Any CPU.Build.0 = Debug|Any CPU
		{00ACD5F7-A2FD-4157-9CD8-710CA480B63E}.Release|Any CPU.ActiveCfg = Release|Any CPU
		{00ACD5F7-A2FD-4157-9CD8-710CA480B63E}.Release|Any CPU.Build.0 = Release|Any CPU
	EndGlobalSection
	GlobalSection(SolutionProperties) = preSolution
		HideSolutionNode = FALSE
	EndGlobalSection
	GlobalSection(ExtensibilityGlobals) = postSolution
		SolutionGuid = {AF4BCA46-B00A-49F9-AC92-3F3B6042361A}
	EndGlobalSection
EndGlobal
